
Microsoft Visual Studio Solution File, Format Version 12.00
# Visual Studio Version 17
VisualStudioVersion = 17.7.34031.279
MinimumVisualStudioVersion = 10.0.40219.1
Project("{FAE04EC0-301F-11D3-BF4B-00C04F79EFBC}") = "PR_2.2", "PR_2.2\PR_2.2.csproj", "{2D67C7AF-3FFA-4F63-9F08-76E58EBB0882}"
EndProject
Global
	GlobalSection(SolutionConfigurationPlatforms) = preSolution
		Debug|Any CPU = Debug|Any CPU
		Release|Any CPU = Release|Any CPU
	EndGlobalSection
	GlobalSection(ProjectConfigurationPlatforms) = postSolution
		{2D67C7AF-3FFA-4F63-9F08-76E58EBB0882}.Debug|Any CPU.ActiveCfg = Debug|Any CPU
		{2D67C7AF-3FFA-4F63-9F08-76E58EBB0882}.Debug|Any CPU.Build.0 = Debug|Any CPU
		{2D67C7AF-3FFA-4F63-9F08-76E58EBB0882}.Release|Any CPU.ActiveCfg = Release|Any CPU
		{2D67C7AF-3FFA-4F63-9F08-76E58EBB0882}.Release|Any CPU.Build.0 = Release|Any CPU
	EndGlobalSection
	GlobalSection(SolutionProperties) = preSolution
		HideSolutionNode = FALSE
	EndGlobalSection
	GlobalSection(ExtensibilityGlobals) = postSolution
		SolutionGuid = {6D653644-739A-4938-AE3E-9A50DCF6CD41}
	EndGlobalSection
EndGlobal
